
Microsoft Visual Studio Solution File, Format Version 12.00
# Visual Studio Version 17
VisualStudioVersion = 17.8.34330.188
MinimumVisualStudioVersion = 10.0.40219.1
Project("{FAE04EC0-301F-11D3-BF4B-00C04F79EFBC}") = "RoyalResidence.Web", "RoyalResidence.Web\RoyalResidence.Web.csproj", "{CC14964B-6687-424C-9C1E-8299E2B62DF7}"
EndProject
Global
	GlobalSection(SolutionConfigurationPlatforms) = preSolution
		Debug|Any CPU = Debug|Any CPU
		Release|Any CPU = Release|Any CPU
	EndGlobalSection
	GlobalSection(ProjectConfigurationPlatforms) = postSolution
		{CC14964B-6687-424C-9C1E-8299E2B62DF7}.Debug|Any CPU.ActiveCfg = Debug|Any CPU
		{CC14964B-6687-424C-9C1E-8299E2B62DF7}.Debug|Any CPU.Build.0 = Debug|Any CPU
		{CC14964B-6687-424C-9C1E-8299E2B62DF7}.Release|Any CPU.ActiveCfg = Release|Any CPU
		{CC14964B-6687-424C-9C1E-8299E2B62DF7}.Release|Any CPU.Build.0 = Release|Any CPU
	EndGlobalSection
	GlobalSection(SolutionProperties) = preSolution
		HideSolutionNode = FALSE
	EndGlobalSection
	GlobalSection(ExtensibilityGlobals) = postSolution
		SolutionGuid = {EBD1514C-8C03-49C3-9FB5-42C616564D34}
	EndGlobalSection
EndGlobal
